Microsoft Visual Studio Solution File, Format Version 12.00
# Visual Studio 15
VisualStudioVersion = 15.0.26403.7
MinimumVisualStudioVersion = 10.0.40219.1
Project("{9A19103F-16F7-4668-BE54-9A1E7A4F7556}") = "Architecture.Mvc", "Architecture\Architecture.Mvc.csproj", "{2534F9FB-185B-4115-8332-DCE161837DD0}"
EndProject
Project("{E53339B2-1760-4266-BCC7-CA923CBCF16C}") = "docker-compose", "docker-compose.dcproj", "{92B3A3A2-0CC1-4C49-A54B-30C6EFD99AA0}"
EndProject
Project("{9A19103F-16F7-4668-BE54-9A1E7A4F7556}") = "Architecture.Database", "Architecture.Database\Architecture.Database.csproj", "{1781CF1C-64D1-42AB-AA73-4C4896996BA9}"
EndProject
Project("{9A19103F-16F7-4668-BE54-9A1E7A4F7556}") = "Architecture.Database.Entities", "Architecture.Database.Entities\Architecture.Database.Entities.csproj", "{B81DDDE8-AAF9-4FB4-BEEC-BE28B4EBD742}"
EndProject
Project("{9A19103F-16F7-4668-BE54-9A1E7A4F7556}") = "Architecture.Services", "Architecture.Services\Architecture.Services.csproj", "{F9155295-3F0C-4ED2-B213-7634B551A2B2}"
EndProject
Project("{9A19103F-16F7-4668-BE54-9A1E7A4F7556}") = "Architecture.Models", "Architecture.Models\Architecture.Models.csproj", "{301EE297-F54B-46D1-915B-2E7F7DC2ED60}"
EndProject
Project("{FAE04EC0-301F-11D3-BF4B-00C04F79EFBC}") = "Architecture.Mappers", "Architecture.Mappers\Architecture.Mappers.csproj", "{2530AD48-14A3-4049-A1AD-782086903305}"
EndProject
Project("{FAE04EC0-301F-11D3-BF4B-00C04F79EFBC}") = "Architecture.Repositories", "Architecture.Repositories\Architecture.Repositories.csproj", "{C3451DDD-A4AA-4306-93A0-38A723CFB180}"
EndProject
Project("{FAE04EC0-301F-11D3-BF4B-00C04F79EFBC}") = "Architecture.Repositories.EntityFramework", "Architecture.Repositories.EntityFramework\Architecture.Repositories.EntityFramework.csproj", "{B3B9FA91-41B3-41E8-8329-049A45079C34}"
EndProject
Project("{FAE04EC0-301F-11D3-BF4B-00C04F79EFBC}") = "Architecture.Services.Implementation", "Architecture.Services.Implementation\Architecture.Services.Implementation.csproj", "{DE4B3AD4-2D10-47E6-9D92-207B2FBD6B0B}"
EndProject
Project("{FAE04EC0-301F-11D3-BF4B-00C04F79EFBC}") = "Architecture.Tests", "Architecture.Tests\Architecture.Tests.csproj", "{D5E7FEE5-91D9-48AE-BC2C-D254F02E2543}"
EndProject
Project("{FAE04EC0-301F-11D3-BF4B-00C04F79EFBC}") = "Architecture.Cache", "Architecture.Cache\Architecture.Cache.csproj", "{C92F5735-9632-4769-A1C3-90FAA61F0BFE}"
EndProject
Project("{FAE04EC0-301F-11D3-BF4B-00C04F79EFBC}") = "Architecture.Application.Services", "Architecture.Application.Services\Architecture.Application.Services.csproj", "{6C781BC8-2115-4D31-AFEC-CC90D798CC49}"
EndProject
Project("{FAE04EC0-301F-11D3-BF4B-00C04F79EFBC}") = "Architecture.Application.Services.Implementation", "Architecture.Application.Services.Implementation\Architecture.Application.Services.Implementation.csproj", "{36B59B59-4DA5-4C51-AA01-C65987183638}"
EndProject
Project("{FAE04EC0-301F-11D3-BF4B-00C04F79EFBC}") = "Architecture.ViewModels", "Architecture.Presentation\Architecture.ViewModels.csproj", "{AFA529B7-50C0-45D5-BCC3-15F81502C624}"
EndProject
Project("{2150E333-8FDC-42A3-9474-1A3956D46DE8}") = "Presentation", "Presentation", "{5F28E2BC-8DA7-4693-B42A-D1EC3CF237CC}"
EndProject
Project("{2150E333-8FDC-42A3-9474-1A3956D46DE8}") = "Application", "Application", "{3518BACE-93C4-4518-A040-9FF5B1C78327}"
EndProject
Project("{2150E333-8FDC-42A3-9474-1A3956D46DE8}") = "Domain", "Domain", "{30ACBC50-34C9-4F7D-AEEB-0D6B4494B424}"
EndProject
Project("{2150E333-8FDC-42A3-9474-1A3956D46DE8}") = "Infrastructure", "Infrastructure", "{0FE54CCF-04B5-4DA4-814A-FF19824ABE39}"
EndProject
Global
	GlobalSection(SolutionConfigurationPlatforms) = preSolution
		Debug|Any CPU = Debug|Any CPU
		Debug|x64 = Debug|x64
		Debug|x86 = Debug|x86
		Release|Any CPU = Release|Any CPU
		Release|x64 = Release|x64
		Release|x86 = Release|x86
	EndGlobalSection
	GlobalSection(ProjectConfigurationPlatforms) = postSolution
		{2534F9FB-185B-4115-8332-DCE161837DD0}.Debug|Any CPU.ActiveCfg = Debug|Any CPU
		{2534F9FB-185B-4115-8332-DCE161837DD0}.Debug|Any CPU.Build.0 = Debug|Any CPU
		{2534F9FB-185B-4115-8332-DCE161837DD0}.Debug|x64.ActiveCfg = Debug|Any CPU
		{2534F9FB-185B-4115-8332-DCE161837DD0}.Debug|x64.Build.0 = Debug|Any CPU
		{2534F9FB-185B-4115-8332-DCE161837DD0}.Debug|x86.ActiveCfg = Debug|Any CPU
		{2534F9FB-185B-4115-8332-DCE161837DD0}.Debug|x86.Build.0 = Debug|Any CPU
		{2534F9FB-185B-4115-8332-DCE161837DD0}.Release|Any CPU.ActiveCfg = Release|Any CPU
		{2534F9FB-185B-4115-8332-DCE161837DD0}.Release|Any CPU.Build.0 = Release|Any CPU
		{2534F9FB-185B-4115-8332-DCE161837DD0}.Release|x64.ActiveCfg = Release|Any CPU
		{2534F9FB-185B-4115-8332-DCE161837DD0}.Release|x64.Build.0 = Release|Any CPU
		{2534F9FB-185B-4115-8332-DCE161837DD0}.Release|x86.ActiveCfg = Release|Any CPU
		{2534F9FB-185B-4115-8332-DCE161837DD0}.Release|x86.Build.0 = Release|Any CPU
		{92B3A3A2-0CC1-4C49-A54B-30C6EFD99AA0}.Debug|Any CPU.ActiveCfg = Debug|Any CPU
		{92B3A3A2-0CC1-4C49-A54B-30C6EFD99AA0}.Debug|Any CPU.Build.0 = Debug|Any CPU
		{92B3A3A2-0CC1-4C49-A54B-30C6EFD99AA0}.Debug|x64.ActiveCfg = Debug|Any CPU
		{92B3A3A2-0CC1-4C49-A54B-30C6EFD99AA0}.Debug|x64.Build.0 = Debug|Any CPU
		{92B3A3A2-0CC1-4C49-A54B-30C6EFD99AA0}.Debug|x86.ActiveCfg = Debug|Any CPU
		{92B3A3A2-0CC1-4C49-A54B-30C6EFD99AA0}.Debug|x86.Build.0 = Debug|Any CPU
		{92B3A3A2-0CC1-4C49-A54B-30C6EFD99AA0}.Release|Any CPU.ActiveCfg = Release|Any CPU
		{92B3A3A2-0CC1-4C49-A54B-30C6EFD99AA0}.Release|Any CPU.Build.0 = Release|Any CPU
		{92B3A3A2-0CC1-4C49-A54B-30C6EFD99AA0}.Release|x64.ActiveCfg = Release|Any CPU
		{92B3A3A2-0CC1-4C49-A54B-30C6EFD99AA0}.Release|x64.Build.0 = Release|Any CPU
		{92B3A3A2-0CC1-4C49-A54B-30C6EFD99AA0}.Release|x86.ActiveCfg = Release|Any CPU
		{92B3A3A2-0CC1-4C49-A54B-30C6EFD99AA0}.Release|x86.Build.0 = Release|Any CPU
		{1781CF1C-64D1-42AB-AA73-4C4896996BA9}.Debug|Any CPU.ActiveCfg = Debug|Any CPU
		{1781CF1C-64D1-42AB-AA73-4C4896996BA9}.Debug|Any CPU.Build.0 = Debug|Any CPU
		{1781CF1C-64D1-42AB-AA73-4C4896996BA9}.Debug|x64.ActiveCfg = Debug|Any CPU
		{1781CF1C-64D1-42AB-AA73-4C4896996BA9}.Debug|x64.Build.0 = Debug|Any CPU
		{1781CF1C-64D1-42AB-AA73-4C4896996BA9}.Debug|x86.ActiveCfg = Debug|Any CPU
		{1781CF1C-64D1-42AB-AA73-4C4896996BA9}.Debug|x86.Build.0 = Debug|Any CPU
		{1781CF1C-64D1-42AB-AA73-4C4896996BA9}.Release|Any CPU.ActiveCfg = Release|Any CPU
		{1781CF1C-64D1-42AB-AA73-4C4896996BA9}.Release|Any CPU.Build.0 = Release|Any CPU
		{1781CF1C-64D1-42AB-AA73-4C4896996BA9}.Release|x64.ActiveCfg = Release|Any CPU
		{1781CF1C-64D1-42AB-AA73-4C4896996BA9}.Release|x64.Build.0 = Release|Any CPU
		{1781CF1C-64D1-42AB-AA73-4C4896996BA9}.Release|x86.ActiveCfg = Release|Any CPU
		{1781CF1C-64D1-42AB-AA73-4C4896996BA9}.Release|x86.Build.0 = Release|Any CPU
		{B81DDDE8-AAF9-4FB4-BEEC-BE28B4EBD742}.Debug|Any CPU.ActiveCfg = Debug|Any CPU
		{B81DDDE8-AAF9-4FB4-BEEC-BE28B4EBD742}.Debug|Any CPU.Build.0 = Debug|Any CPU
		{B81DDDE8-AAF9-4FB4-BEEC-BE28B4EBD742}.Debug|x64.ActiveCfg = Debug|Any CPU
		{B81DDDE8-AAF9-4FB4-BEEC-BE28B4EBD742}.Debug|x64.Build.0 = Debug|Any CPU
		{B81DDDE8-AAF9-4FB4-BEEC-BE28B4EBD742}.Debug|x86.ActiveCfg = Debug|Any CPU
		{B81DDDE8-AAF9-4FB4-BEEC-BE28B4EBD742}.Debug|x86.Build.0 = Debug|Any CPU
		{B81DDDE8-AAF9-4FB4-BEEC-BE28B4EBD742}.Release|Any CPU.ActiveCfg = Release|Any CPU
		{B81DDDE8-AAF9-4FB4-BEEC-BE28B4EBD742}.Release|Any CPU.Build.0 = Release|Any CPU
		{B81DDDE8-AAF9-4FB4-BEEC-BE28B4EBD742}.Release|x64.ActiveCfg = Release|Any CPU
		{B81DDDE8-AAF9-4FB4-BEEC-BE28B4EBD742}.Release|x64.Build.0 = Release|Any CPU
		{B81DDDE8-AAF9-4FB4-BEEC-BE28B4EBD742}.Release|x86.ActiveCfg = Release|Any CPU
		{B81DDDE8-AAF9-4FB4-BEEC-BE28B4EBD742}.Release|x86.Build.0 = Release|Any CPU
		{F9155295-3F0C-4ED2-B213-7634B551A2B2}.Debug|Any CPU.ActiveCfg = Debug|Any CPU
		{F9155295-3F0C-4ED2-B213-7634B551A2B2}.Debug|Any CPU.Build.0 = Debug|Any CPU
		{F9155295-3F0C-4ED2-B213-7634B551A2B2}.Debug|x64.ActiveCfg = Debug|Any CPU
		{F9155295-3F0C-4ED2-B213-7634B551A2B2}.Debug|x64.Build.0 = Debug|Any CPU
		{F9155295-3F0C-4ED2-B213-7634B551A2B2}.Debug|x86.ActiveCfg = Debug|Any CPU
		{F9155295-3F0C-4ED2-B213-7634B551A2B2}.Debug|x86.Build.0 = Debug|Any CPU
		{F9155295-3F0C-4ED2-B213-7634B551A2B2}.Release|Any CPU.ActiveCfg = Release|Any CPU
		{F9155295-3F0C-4ED2-B213-7634B551A2B2}.Release|Any CPU.Build.0 = Release|Any CPU
		{F9155295-3F0C-4ED2-B213-7634B551A2B2}.Release|x64.ActiveCfg = Release|Any CPU
		{F9155295-3F0C-4ED2-B213-7634B551A2B2}.Release|x64.Build.0 = Release|Any CPU
		{F9155295-3F0C-4ED2-B213-7634B551A2B2}.Release|x86.ActiveCfg = Release|Any CPU
		{F9155295-3F0C-4ED2-B213-7634B551A2B2}.Release|x86.Build.0 = Release|Any CPU
		{301EE297-F54B-46D1-915B-2E7F7DC2ED60}.Debug|Any CPU.ActiveCfg = Debug|Any CPU
		{301EE297-F54B-46D1-915B-2E7F7DC2ED60}.Debug|Any CPU.Build.0 = Debug|Any CPU
		{301EE297-F54B-46D1-915B-2E7F7DC2ED60}.Debug|x64.ActiveCfg = Debug|Any CPU
		{301EE297-F54B-46D1-915B-2E7F7DC2ED60}.Debug|x64.Build.0 = Debug|Any CPU
		{301EE297-F54B-46D1-915B-2E7F7DC2ED60}.Debug|x86.ActiveCfg = Debug|Any CPU
		{301EE297-F54B-46D1-915B-2E7F7DC2ED60}.Debug|x86.Build.0 = Debug|Any CPU
		{301EE297-F54B-46D1-915B-2E7F7DC2ED60}.Release|Any CPU.ActiveCfg = Release|Any CPU
		{301EE297-F54B-46D1-915B-2E7F7DC2ED60}.Release|Any CPU.Build.0 = Release|Any CPU
		{301EE297-F54B-46D1-915B-2E7F7DC2ED60}.Release|x64.ActiveCfg = Release|Any CPU
		{301EE297-F54B-46D1-915B-2E7F7DC2ED60}.Release|x64.Build.0 = Release|Any CPU
		{301EE297-F54B-46D1-915B-2E7F7DC2ED60}.Release|x86.ActiveCfg = Release|Any CPU
		{301EE297-F54B-46D1-915B-2E7F7DC2ED60}.Release|x86.Build.0 = Release|Any CPU
		{2530AD48-14A3-4049-A1AD-782086903305}.Debug|Any CPU.ActiveCfg = Debug|Any CPU
		{2530AD48-14A3-4049-A1AD-782086903305}.Debug|Any CPU.Build.0 = Debug|Any CPU
		{2530AD48-14A3-4049-A1AD-782086903305}.Debug|x64.ActiveCfg = Debug|Any CPU
		{2530AD48-14A3-4049-A1AD-782086903305}.Debug|x64.Build.0 = Debug|Any CPU
		{2530AD48-14A3-4049-A1AD-782086903305}.Debug|x86.ActiveCfg = Debug|Any CPU
		{2530AD48-14A3-4049-A1AD-782086903305}.Debug|x86.Build.0 = Debug|Any CPU
		{2530AD48-14A3-4049-A1AD-782086903305}.Release|Any CPU.ActiveCfg = Release|Any CPU
		{2530AD48-14A3-4049-A1AD-782086903305}.Release|Any CPU.Build.0 = Release|Any CPU
		{2530AD48-14A3-4049-A1AD-782086903305}.Release|x64.ActiveCfg = Release|Any CPU
		{2530AD48-14A3-4049-A1AD-782086903305}.Release|x64.Build.0 = Release|Any CPU
		{2530AD48-14A3-4049-A1AD-782086903305}.Release|x86.ActiveCfg = Release|Any CPU
		{2530AD48-14A3-4049-A1AD-782086903305}.Release|x86.Build.0 = Release|Any CPU
		{C3451DDD-A4AA-4306-93A0-38A723CFB180}.Debug|Any CPU.ActiveCfg = Debug|Any CPU
		{C3451DDD-A4AA-4306-93A0-38A723CFB180}.Debug|Any CPU.Build.0 = Debug|Any CPU
		{C3451DDD-A4AA-4306-93A0-38A723CFB180}.Debug|x64.ActiveCfg = Debug|Any CPU
		{C3451DDD-A4AA-4306-93A0-38A723CFB180}.Debug|x64.Build.0 = Debug|Any CPU
		{C3451DDD-A4AA-4306-93A0-38A723CFB180}.Debug|x86.ActiveCfg = Debug|Any CPU
		{C3451DDD-A4AA-4306-93A0-38A723CFB180}.Debug|x86.Build.0 = Debug|Any CPU
		{C3451DDD-A4AA-4306-93A0-38A723CFB180}.Release|Any CPU.ActiveCfg = Release|Any CPU
		{C3451DDD-A4AA-4306-93A0-38A723CFB180}.Release|Any CPU.Build.0 = Release|Any CPU
		{C3451DDD-A4AA-4306-93A0-38A723CFB180}.Release|x64.ActiveCfg = Release|Any CPU
		{C3451DDD-A4AA-4306-93A0-38A723CFB180}.Release|x64.Build.0 = Release|Any CPU
		{C3451DDD-A4AA-4306-93A0-38A723CFB180}.Release|x86.ActiveCfg = Release|Any CPU
		{C3451DDD-A4AA-4306-93A0-38A723CFB180}.Release|x86.Build.0 = Release|Any CPU
		{B3B9FA91-41B3-41E8-8329-049A45079C34}.Debug|Any CPU.ActiveCfg = Debug|Any CPU
		{B3B9FA91-41B3-41E8-8329-049A45079C34}.Debug|Any CPU.Build.0 = Debug|Any CPU
		{B3B9FA91-41B3-41E8-8329-049A45079C34}.Debug|x64.ActiveCfg = Debug|Any CPU
		{B3B9FA91-41B3-41E8-8329-049A45079C34}.Debug|x64.Build.0 = Debug|Any CPU
		{B3B9FA91-41B3-41E8-8329-049A45079C34}.Debug|x86.ActiveCfg = Debug|Any CPU
		{B3B9FA91-41B3-41E8-8329-049A45079C34}.Debug|x86.Build.0 = Debug|Any CPU
		{B3B9FA91-41B3-41E8-8329-049A45079C34}.Release|Any CPU.ActiveCfg = Release|Any CPU
		{B3B9FA91-41B3-41E8-8329-049A45079C34}.Release|Any CPU.Build.0 = Release|Any CPU
		{B3B9FA91-41B3-41E8-8329-049A45079C34}.Release|x64.ActiveCfg = Release|Any CPU
		{B3B9FA91-41B3-41E8-8329-049A45079C34}.Release|x64.Build.0 = Release|Any CPU
		{B3B9FA91-41B3-41E8-8329-049A45079C34}.Release|x86.ActiveCfg = Release|Any CPU
		{B3B9FA91-41B3-41E8-8329-049A45079C34}.Release|x86.Build.0 = Release|Any CPU
		{DE4B3AD4-2D10-47E6-9D92-207B2FBD6B0B}.Debug|Any CPU.ActiveCfg = Debug|Any CPU
		{DE4B3AD4-2D10-47E6-9D92-207B2FBD6B0B}.Debug|Any CPU.Build.0 = Debug|Any CPU
		{DE4B3AD4-2D10-47E6-9D92-207B2FBD6B0B}.Debug|x64.ActiveCfg = Debug|Any CPU
		{DE4B3AD4-2D10-47E6-9D92-207B2FBD6B0B}.Debug|x64.Build.0 = Debug|Any CPU
		{DE4B3AD4-2D10-47E6-9D92-207B2FBD6B0B}.Debug|x86.ActiveCfg = Debug|Any CPU
		{DE4B3AD4-2D10-47E6-9D92-207B2FBD6B0B}.Debug|x86.Build.0 = Debug|Any CPU
		{DE4B3AD4-2D10-47E6-9D92-207B2FBD6B0B}.Release|Any CPU.ActiveCfg = Release|Any CPU
		{DE4B3AD4-2D10-47E6-9D92-207B2FBD6B0B}.Release|Any CPU.Build.0 = Release|Any CPU
		{DE4B3AD4-2D10-47E6-9D92-207B2FBD6B0B}.Release|x64.ActiveCfg = Release|Any CPU
		{DE4B3AD4-2D10-47E6-9D92-207B2FBD6B0B}.Release|x64.Build.0 = Release|Any CPU
		{DE4B3AD4-2D10-47E6-9D92-207B2FBD6B0B}.Release|x86.ActiveCfg = Release|Any CPU
		{DE4B3AD4-2D10-47E6-9D92-207B2FBD6B0B}.Release|x86.Build.0 = Release|Any CPU
		{D5E7FEE5-91D9-48AE-BC2C-D254F02E2543}.Debug|Any CPU.ActiveCfg = Debug|Any CPU
		{D5E7FEE5-91D9-48AE-BC2C-D254F02E2543}.Debug|Any CPU.Build.0 = Debug|Any CPU
		{D5E7FEE5-91D9-48AE-BC2C-D254F02E2543}.Debug|x64.ActiveCfg = Debug|Any CPU
		{D5E7FEE5-91D9-48AE-BC2C-D254F02E2543}.Debug|x64.Build.0 = Debug|Any CPU
		{D5E7FEE5-91D9-48AE-BC2C-D254F02E2543}.Debug|x86.ActiveCfg = Debug|Any CPU
		{D5E7FEE5-91D9-48AE-BC2C-D254F02E2543}.Debug|x86.Build.0 = Debug|Any CPU
		{D5E7FEE5-91D9-48AE-BC2C-D254F02E2543}.Release|Any CPU.ActiveCfg = Release|Any CPU
		{D5E7FEE5-91D9-48AE-BC2C-D254F02E2543}.Release|Any CPU.Build.0 = Release|Any CPU
		{D5E7FEE5-91D9-48AE-BC2C-D254F02E2543}.Release|x64.ActiveCfg = Release|Any CPU
		{D5E7FEE5-91D9-48AE-BC2C-D254F02E2543}.Release|x64.Build.0 = Release|Any CPU
		{D5E7FEE5-91D9-48AE-BC2C-D254F02E2543}.Release|x86.ActiveCfg = Release|Any CPU
		{D5E7FEE5-91D9-48AE-BC2C-D254F02E2543}.Release|x86.Build.0 = Release|Any CPU
		{C92F5735-9632-4769-A1C3-90FAA61F0BFE}.Debug|Any CPU.ActiveCfg = Debug|Any CPU
		{C92F5735-9632-4769-A1C3-90FAA61F0BFE}.Debug|Any CPU.Build.0 = Debug|Any CPU
		{C92F5735-9632-4769-A1C3-90FAA61F0BFE}.Debug|x64.ActiveCfg = Debug|Any CPU
		{C92F5735-9632-4769-A1C3-90FAA61F0BFE}.Debug|x64.Build.0 = Debug|Any CPU
		{C92F5735-9632-4769-A1C3-90FAA61F0BFE}.Debug|x86.ActiveCfg = Debug|Any CPU
		{C92F5735-9632-4769-A1C3-90FAA61F0BFE}.Debug|x86.Build.0 = Debug|Any CPU
		{C92F5735-9632-4769-A1C3-90FAA61F0BFE}.Release|Any CPU.ActiveCfg = Release|Any CPU
		{C92F5735-9632-4769-A1C3-90FAA61F0BFE}.Release|Any CPU.Build.0 = Release|Any CPU
		{C92F5735-9632-4769-A1C3-90FAA61F0BFE}.Release|x64.ActiveCfg = Release|Any CPU
		{C92F5735-9632-4769-A1C3-90FAA61F0BFE}.Release|x64.Build.0 = Release|Any CPU
		{C92F5735-9632-4769-A1C3-90FAA61F0BFE}.Release|x86.ActiveCfg = Release|Any CPU
		{C92F5735-9632-4769-A1C3-90FAA61F0BFE}.Release|x86.Build.0 = Release|Any CPU
		{6C781BC8-2115-4D31-AFEC-CC90D798CC49}.Debug|Any CPU.ActiveCfg = Debug|Any CPU
		{6C781BC8-2115-4D31-AFEC-CC90D798CC49}.Debug|Any CPU.Build.0 = Debug|Any CPU
		{6C781BC8-2115-4D31-AFEC-CC90D798CC49}.Debug|x64.ActiveCfg = Debug|Any CPU
		{6C781BC8-2115-4D31-AFEC-CC90D798CC49}.Debug|x64.Build.0 = Debug|Any CPU
		{6C781BC8-2115-4D31-AFEC-CC90D798CC49}.Debug|x86.ActiveCfg = Debug|Any CPU
		{6C781BC8-2115-4D31-AFEC-CC90D798CC49}.Debug|x86.Build.0 = Debug|Any CPU
		{6C781BC8-2115-4D31-AFEC-CC90D798CC49}.Release|Any CPU.ActiveCfg = Release|Any CPU
		{6C781BC8-2115-4D31-AFEC-CC90D798CC49}.Release|Any CPU.Build.0 = Release|Any CPU
		{6C781BC8-2115-4D31-AFEC-CC90D798CC49}.Release|x64.ActiveCfg = Release|Any CPU
		{6C781BC8-2115-4D31-AFEC-CC90D798CC49}.Release|x64.Build.0 = Release|Any CPU
		{6C781BC8-2115-4D31-AFEC-CC90D798CC49}.Release|x86.ActiveCfg = Release|Any CPU
		{6C781BC8-2115-4D31-AFEC-CC90D798CC49}.Release|x86.Build.0 = Release|Any CPU
		{36B59B59-4DA5-4C51-AA01-C65987183638}.Debug|Any CPU.ActiveCfg = Debug|Any CPU
		{36B59B59-4DA5-4C51-AA01-C65987183638}.Debug|Any CPU.Build.0 = Debug|Any CPU
		{36B59B59-4DA5-4C51-AA01-C65987183638}.Debug|x64.ActiveCfg = Debug|Any CPU
		{36B59B59-4DA5-4C51-AA01-C65987183638}.Debug|x64.Build.0 = Debug|Any CPU
		{36B59B59-4DA5-4C51-AA01-C65987183638}.Debug|x86.ActiveCfg = Debug|Any CPU
		{36B59B59-4DA5-4C51-AA01-C65987183638}.Debug|x86.Build.0 = Debug|Any CPU
		{36B59B59-4DA5-4C51-AA01-C65987183638}.Release|Any CPU.ActiveCfg = Release|Any CPU
		{36B59B59-4DA5-4C51-AA01-C65987183638}.Release|Any CPU.Build.0 = Release|Any CPU
		{36B59B59-4DA5-4C51-AA01-C65987183638}.Release|x64.ActiveCfg = Release|Any CPU
		{36B59B59-4DA5-4C51-AA01-C65987183638}.Release|x64.Build.0 = Release|Any CPU
		{36B59B59-4DA5-4C51-AA01-C65987183638}.Release|x86.ActiveCfg = Release|Any CPU
		{36B59B59-4DA5-4C51-AA01-C65987183638}.Release|x86.Build.0 = Release|Any CPU
		{AFA529B7-50C0-45D5-BCC3-15F81502C624}.Debug|Any CPU.ActiveCfg = Debug|Any CPU
		{AFA529B7-50C0-45D5-BCC3-15F81502C624}.Debug|Any CPU.Build.0 = Debug|Any CPU
		{AFA529B7-50C0-45D5-BCC3-15F81502C624}.Debug|x64.ActiveCfg = Debug|Any CPU
		{AFA529B7-50C0-45D5-BCC3-15F81502C624}.Debug|x64.Build.0 = Debug|Any CPU
		{AFA529B7-50C0-45D5-BCC3-15F81502C624}.Debug|x86.ActiveCfg = Debug|Any CPU
		{AFA529B7-50C0-45D5-BCC3-15F81502C624}.Debug|x86.Build.0 = Debug|Any CPU
		{AFA529B7-50C0-45D5-BCC3-15F81502C624}.Release|Any CPU.ActiveCfg = Release|Any CPU
		{AFA529B7-50C0-45D5-BCC3-15F81502C624}.Release|Any CPU.Build.0 = Release|Any CPU
		{AFA529B7-50C0-45D5-BCC3-15F81502C624}.Release|x64.ActiveCfg = Release|Any CPU
		{AFA529B7-50C0-45D5-BCC3-15F81502C624}.Release|x64.Build.0 = Release|Any CPU
		{AFA529B7-50C0-45D5-BCC3-15F81502C624}.Release|x86.ActiveCfg = Release|Any CPU
		{AFA529B7-50C0-45D5-BCC3-15F81502C624}.Release|x86.Build.0 = Release|Any CPU
	EndGlobalSection
	GlobalSection(SolutionProperties) = preSolution
		HideSolutionNode = FALSE
	EndGlobalSection
	GlobalSection(NestedProjects) = preSolution
		{2534F9FB-185B-4115-8332-DCE161837DD0} = {5F28E2BC-8DA7-4693-B42A-D1EC3CF237CC}
		{1781CF1C-64D1-42AB-AA73-4C4896996BA9} = {0FE54CCF-04B5-4DA4-814A-FF19824ABE39}
		{B81DDDE8-AAF9-4FB4-BEEC-BE28B4EBD742} = {0FE54CCF-04B5-4DA4-814A-FF19824ABE39}
		{F9155295-3F0C-4ED2-B213-7634B551A2B2} = {30ACBC50-34C9-4F7D-AEEB-0D6B4494B424}
		{301EE297-F54B-46D1-915B-2E7F7DC2ED60} = {30ACBC50-34C9-4F7D-AEEB-0D6B4494B424}
		{2530AD48-14A3-4049-A1AD-782086903305} = {0FE54CCF-04B5-4DA4-814A-FF19824ABE39}
		{C3451DDD-A4AA-4306-93A0-38A723CFB180} = {0FE54CCF-04B5-4DA4-814A-FF19824ABE39}
		{B3B9FA91-41B3-41E8-8329-049A45079C34} = {0FE54CCF-04B5-4DA4-814A-FF19824ABE39}
		{DE4B3AD4-2D10-47E6-9D92-207B2FBD6B0B} = {0FE54CCF-04B5-4DA4-814A-FF19824ABE39}
		{C92F5735-9632-4769-A1C3-90FAA61F0BFE} = {0FE54CCF-04B5-4DA4-814A-FF19824ABE39}
		{6C781BC8-2115-4D31-AFEC-CC90D798CC49} = {3518BACE-93C4-4518-A040-9FF5B1C78327}
		{36B59B59-4DA5-4C51-AA01-C65987183638} = {3518BACE-93C4-4518-A040-9FF5B1C78327}
		{AFA529B7-50C0-45D5-BCC3-15F81502C624} = {5F28E2BC-8DA7-4693-B42A-D1EC3CF237CC}
	EndGlobalSection
EndGlobal
